
Microsoft Visual Studio Solution File, Format Version 12.00
# Visual Studio Version 16
VisualStudioVersion = 16.0.31624.102
MinimumVisualStudioVersion = 10.0.40219.1
Project("{FAE04EC0-301F-11D3-BF4B-00C04F79EFBC}") = "Site_Reserva_Vuelos", "Site_Reserva_Vuelos\Site_Reserva_Vuelos.csproj", "{D963A50B-BDD4-432B-A6E8-BB5BADCFFC15}"
EndProject
Project("{FAE04EC0-301F-11D3-BF4B-00C04F79EFBC}") = "DAL", "DAL\DAL.csproj", "{78522574-247A-4CF9-8056-F61BEED70801}"
EndProject
Global
	GlobalSection(SolutionConfigurationPlatforms) = preSolution
		Debug|Any CPU = Debug|Any CPU
		Release|Any CPU = Release|Any CPU
	EndGlobalSection
	GlobalSection(ProjectConfigurationPlatforms) = postSolution
		{D963A50B-BDD4-432B-A6E8-BB5BADCFFC15}.Debug|Any CPU.ActiveCfg = Debug|Any CPU
		{D963A50B-BDD4-432B-A6E8-BB5BADCFFC15}.Debug|Any CPU.Build.0 = Debug|Any CPU
		{D963A50B-BDD4-432B-A6E8-BB5BADCFFC15}.Release|Any CPU.ActiveCfg = Release|Any CPU
		{D963A50B-BDD4-432B-A6E8-BB5BADCFFC15}.Release|Any CPU.Build.0 = Release|Any CPU
		{78522574-247A-4CF9-8056-F61BEED70801}.Debug|Any CPU.ActiveCfg = Debug|Any CPU
		{78522574-247A-4CF9-8056-F61BEED70801}.Debug|Any CPU.Build.0 = Debug|Any CPU
		{78522574-247A-4CF9-8056-F61BEED70801}.Release|Any CPU.ActiveCfg = Release|Any CPU
		{78522574-247A-4CF9-8056-F61BEED70801}.Release|Any CPU.Build.0 = Release|Any CPU
	EndGlobalSection
	GlobalSection(SolutionProperties) = preSolution
		HideSolutionNode = FALSE
	EndGlobalSection
	GlobalSection(ExtensibilityGlobals) = postSolution
		SolutionGuid = {B55F49B4-EAAB-44BB-A105-46BE34892CB7}
	EndGlobalSection
EndGlobal
