
Microsoft Visual Studio Solution File, Format Version 12.00
# Visual Studio Version 16
VisualStudioVersion = 16.0.31702.278
MinimumVisualStudioVersion = 10.0.40219.1
Project("{FAE04EC0-301F-11D3-BF4B-00C04F79EFBC}") = "App_Vuelos_UI", "App_Vuelos_UI\App_Vuelos_UI.csproj", "{252BD1BA-2D1B-47DB-B1CF-5D35FDE8161C}"
EndProject
Project("{FAE04EC0-301F-11D3-BF4B-00C04F79EFBC}") = "DAL", "DAL\DAL.csproj", "{A97C98C9-1AAD-4780-9D25-F7A6176B8F99}"
EndProject
Project("{FAE04EC0-301F-11D3-BF4B-00C04F79EFBC}") = "BLL", "BLL\BLL.csproj", "{FDDBBF04-61BC-4F64-8177-B790DCE2018C}"
EndProject
Project("{FAE04EC0-301F-11D3-BF4B-00C04F79EFBC}") = "ENTIDAD", "ENTIDAD\ENTIDAD.csproj", "{CBB12F22-DE11-4380-B763-A9B9DE5BF931}"
EndProject
Global
	GlobalSection(SolutionConfigurationPlatforms) = preSolution
		Debug|Any CPU = Debug|Any CPU
		Release|Any CPU = Release|Any CPU
	EndGlobalSection
	GlobalSection(ProjectConfigurationPlatforms) = postSolution
		{252BD1BA-2D1B-47DB-B1CF-5D35FDE8161C}.Debug|Any CPU.ActiveCfg = Debug|Any CPU
		{252BD1BA-2D1B-47DB-B1CF-5D35FDE8161C}.Debug|Any CPU.Build.0 = Debug|Any CPU
		{252BD1BA-2D1B-47DB-B1CF-5D35FDE8161C}.Release|Any CPU.ActiveCfg = Release|Any CPU
		{252BD1BA-2D1B-47DB-B1CF-5D35FDE8161C}.Release|Any CPU.Build.0 = Release|Any CPU
		{A97C98C9-1AAD-4780-9D25-F7A6176B8F99}.Debug|Any CPU.ActiveCfg = Debug|Any CPU
		{A97C98C9-1AAD-4780-9D25-F7A6176B8F99}.Debug|Any CPU.Build.0 = Debug|Any CPU
		{A97C98C9-1AAD-4780-9D25-F7A6176B8F99}.Release|Any CPU.ActiveCfg = Release|Any CPU
		{A97C98C9-1AAD-4780-9D25-F7A6176B8F99}.Release|Any CPU.Build.0 = Release|Any CPU
		{FDDBBF04-61BC-4F64-8177-B790DCE2018C}.Debug|Any CPU.ActiveCfg = Debug|Any CPU
		{FDDBBF04-61BC-4F64-8177-B790DCE2018C}.Debug|Any CPU.Build.0 = Debug|Any CPU
		{FDDBBF04-61BC-4F64-8177-B790DCE2018C}.Release|Any CPU.ActiveCfg = Release|Any CPU
		{FDDBBF04-61BC-4F64-8177-B790DCE2018C}.Release|Any CPU.Build.0 = Release|Any CPU
		{CBB12F22-DE11-4380-B763-A9B9DE5BF931}.Debug|Any CPU.ActiveCfg = Debug|Any CPU
		{CBB12F22-DE11-4380-B763-A9B9DE5BF931}.Debug|Any CPU.Build.0 = Debug|Any CPU
		{CBB12F22-DE11-4380-B763-A9B9DE5BF931}.Release|Any CPU.ActiveCfg = Release|Any CPU
		{CBB12F22-DE11-4380-B763-A9B9DE5BF931}.Release|Any CPU.Build.0 = Release|Any CPU
	EndGlobalSection
	GlobalSection(SolutionProperties) = preSolution
		HideSolutionNode = FALSE
	EndGlobalSection
	GlobalSection(ExtensibilityGlobals) = postSolution
		SolutionGuid = {246E91C9-4148-4CFA-A0EB-D87C8F72C654}
	EndGlobalSection
EndGlobal
